
Microsoft Visual Studio Solution File, Format Version 12.00
# Visual Studio Version 16
VisualStudioVersion = 16.0.29215.179
MinimumVisualStudioVersion = 10.0.40219.1
Project("{8BC9CEB8-8B4A-11D0-8D11-00A0C91BC942}") = "AirlineReservation9-2-2019", "AirlineReservation9-2-2019.vcxproj", "{49F74F9D-D8E2-4E9C-83E2-8A2C158983F7}"
EndProject
Global
	GlobalSection(SolutionConfigurationPlatforms) = preSolution
		Debug|x64 = Debug|x64
		Debug|x86 = Debug|x86
		Release|x64 = Release|x64
		Release|x86 = Release|x86
	EndGlobalSection
	GlobalSection(ProjectConfigurationPlatforms) = postSolution
		{49F74F9D-D8E2-4E9C-83E2-8A2C158983F7}.Debug|x64.ActiveCfg = Debug|x64
		{49F74F9D-D8E2-4E9C-83E2-8A2C158983F7}.Debug|x64.Build.0 = Debug|x64
		{49F74F9D-D8E2-4E9C-83E2-8A2C158983F7}.Debug|x86.ActiveCfg = Debug|Win32
		{49F74F9D-D8E2-4E9C-83E2-8A2C158983F7}.Debug|x86.Build.0 = Debug|Win32
		{49F74F9D-D8E2-4E9C-83E2-8A2C158983F7}.Release|x64.ActiveCfg = Release|x64
		{49F74F9D-D8E2-4E9C-83E2-8A2C158983F7}.Release|x64.Build.0 = Release|x64
		{49F74F9D-D8E2-4E9C-83E2-8A2C158983F7}.Release|x86.ActiveCfg = Release|Win32
		{49F74F9D-D8E2-4E9C-83E2-8A2C158983F7}.Release|x86.Build.0 = Release|Win32
	EndGlobalSection
	GlobalSection(SolutionProperties) = preSolution
		HideSolutionNode = FALSE
	EndGlobalSection
	GlobalSection(ExtensibilityGlobals) = postSolution
		SolutionGuid = {D0EFBA7B-750F-4537-B48B-25CBF2D682F2}
	EndGlobalSection
EndGlobal
